
Microsoft Visual Studio Solution File, Format Version 12.00
# Visual Studio 2012
Project("{8BC9CEB8-8B4A-11D0-8D11-00A0C91BC942}") = "CryptoPendrive", "CryptoPendrive\CryptoPendrive.vcxproj", "{87CF62E9-751A-45AF-A255-B7C8F6B9A65E}"
EndProject
Global
	GlobalSection(SolutionConfigurationPlatforms) = preSolution
		Debug|Win32 = Debug|Win32
		Release|Win32 = Release|Win32
	EndGlobalSection
	GlobalSection(ProjectConfigurationPlatforms) = postSolution
		{87CF62E9-751A-45AF-A255-B7C8F6B9A65E}.Debug|Win32.ActiveCfg = Debug|Win32
		{87CF62E9-751A-45AF-A255-B7C8F6B9A65E}.Debug|Win32.Build.0 = Debug|Win32
		{87CF62E9-751A-45AF-A255-B7C8F6B9A65E}.Release|Win32.ActiveCfg = Release|Win32
		{87CF62E9-751A-45AF-A255-B7C8F6B9A65E}.Release|Win32.Build.0 = Release|Win32
	EndGlobalSection
	GlobalSection(SolutionProperties) = preSolution
		HideSolutionNode = FALSE
	EndGlobalSection
EndGlobal
